
Microsoft Visual Studio Solution File, Format Version 12.00
# Visual Studio Version 17
VisualStudioVersion = 17.6.33801.468
MinimumVisualStudioVersion = 10.0.40219.1
Project("{9A19103F-16F7-4668-BE54-9A1E7A4F7556}") = "FilRougeBanque", "Banque\FilRougeBanque.csproj", "{0811B206-2F06-4347-A2BD-57526F944AB3}"
EndProject
Project("{9A19103F-16F7-4668-BE54-9A1E7A4F7556}") = "Demo", "Demo\Demo.csproj", "{DE0C4486-DBEF-4DAF-882F-F428FD809012}"
EndProject
Project("{FAE04EC0-301F-11D3-BF4B-00C04F79EFBC}") = "ReexplicationBanque", "ReexplicationBanque\ReexplicationBanque.csproj", "{679D1787-BF3D-464B-91BC-FAFF98FF2C6C}"
EndProject
Global
	GlobalSection(SolutionConfigurationPlatforms) = preSolution
		Debug|Any CPU = Debug|Any CPU
		Release|Any CPU = Release|Any CPU
	EndGlobalSection
	GlobalSection(ProjectConfigurationPlatforms) = postSolution
		{0811B206-2F06-4347-A2BD-57526F944AB3}.Debug|Any CPU.ActiveCfg = Debug|Any CPU
		{0811B206-2F06-4347-A2BD-57526F944AB3}.Debug|Any CPU.Build.0 = Debug|Any CPU
		{0811B206-2F06-4347-A2BD-57526F944AB3}.Release|Any CPU.ActiveCfg = Release|Any CPU
		{0811B206-2F06-4347-A2BD-57526F944AB3}.Release|Any CPU.Build.0 = Release|Any CPU
		{DE0C4486-DBEF-4DAF-882F-F428FD809012}.Debug|Any CPU.ActiveCfg = Debug|Any CPU
		{DE0C4486-DBEF-4DAF-882F-F428FD809012}.Debug|Any CPU.Build.0 = Debug|Any CPU
		{DE0C4486-DBEF-4DAF-882F-F428FD809012}.Release|Any CPU.ActiveCfg = Release|Any CPU
		{DE0C4486-DBEF-4DAF-882F-F428FD809012}.Release|Any CPU.Build.0 = Release|Any CPU
		{679D1787-BF3D-464B-91BC-FAFF98FF2C6C}.Debug|Any CPU.ActiveCfg = Debug|Any CPU
		{679D1787-BF3D-464B-91BC-FAFF98FF2C6C}.Debug|Any CPU.Build.0 = Debug|Any CPU
		{679D1787-BF3D-464B-91BC-FAFF98FF2C6C}.Release|Any CPU.ActiveCfg = Release|Any CPU
		{679D1787-BF3D-464B-91BC-FAFF98FF2C6C}.Release|Any CPU.Build.0 = Release|Any CPU
	EndGlobalSection
	GlobalSection(SolutionProperties) = preSolution
		HideSolutionNode = FALSE
	EndGlobalSection
	GlobalSection(ExtensibilityGlobals) = postSolution
		SolutionGuid = {B9D62D36-54D6-4D63-AA81-6AD62C5B1D3B}
	EndGlobalSection
EndGlobal
